
Microsoft Visual Studio Solution File, Format Version 12.00
# Visual Studio Version 17
VisualStudioVersion = 17.4.33205.214
MinimumVisualStudioVersion = 10.0.40219.1
Project("{FAE04EC0-301F-11D3-BF4B-00C04F79EFBC}") = "ETend", "ETend\ETend.csproj", "{06EE6879-53B5-4F86-BB21-A935161FB3E5}"
EndProject
Project("{FAE04EC0-301F-11D3-BF4B-00C04F79EFBC}") = "ETend.Models", "ETend.Models\ETend.Models.csproj", "{9193BEF3-4D5D-4841-AF63-A2B1A9869CB9}"
EndProject
Project("{FAE04EC0-301F-11D3-BF4B-00C04F79EFBC}") = "ETend.DataAccess", "ETend.DataAccess\ETend.DataAccess.csproj", "{CEBA6DAA-B850-46A6-90FF-DF0D9FE866ED}"
EndProject
Project("{FAE04EC0-301F-11D3-BF4B-00C04F79EFBC}") = "ETend.Constants", "ETend.Constants\ETend.Constants.csproj", "{BB462E1D-C90C-4A43-8E1E-841FA4121103}"
EndProject
Global
	GlobalSection(SolutionConfigurationPlatforms) = preSolution
		Debug|Any CPU = Debug|Any CPU
		Release|Any CPU = Release|Any CPU
	EndGlobalSection
	GlobalSection(ProjectConfigurationPlatforms) = postSolution
		{06EE6879-53B5-4F86-BB21-A935161FB3E5}.Debug|Any CPU.ActiveCfg = Debug|Any CPU
		{06EE6879-53B5-4F86-BB21-A935161FB3E5}.Debug|Any CPU.Build.0 = Debug|Any CPU
		{06EE6879-53B5-4F86-BB21-A935161FB3E5}.Release|Any CPU.ActiveCfg = Release|Any CPU
		{06EE6879-53B5-4F86-BB21-A935161FB3E5}.Release|Any CPU.Build.0 = Release|Any CPU
		{9193BEF3-4D5D-4841-AF63-A2B1A9869CB9}.Debug|Any CPU.ActiveCfg = Debug|Any CPU
		{9193BEF3-4D5D-4841-AF63-A2B1A9869CB9}.Debug|Any CPU.Build.0 = Debug|Any CPU
		{9193BEF3-4D5D-4841-AF63-A2B1A9869CB9}.Release|Any CPU.ActiveCfg = Release|Any CPU
		{9193BEF3-4D5D-4841-AF63-A2B1A9869CB9}.Release|Any CPU.Build.0 = Release|Any CPU
		{CEBA6DAA-B850-46A6-90FF-DF0D9FE866ED}.Debug|Any CPU.ActiveCfg = Debug|Any CPU
		{CEBA6DAA-B850-46A6-90FF-DF0D9FE866ED}.Debug|Any CPU.Build.0 = Debug|Any CPU
		{CEBA6DAA-B850-46A6-90FF-DF0D9FE866ED}.Release|Any CPU.ActiveCfg = Release|Any CPU
		{CEBA6DAA-B850-46A6-90FF-DF0D9FE866ED}.Release|Any CPU.Build.0 = Release|Any CPU
		{BB462E1D-C90C-4A43-8E1E-841FA4121103}.Debug|Any CPU.ActiveCfg = Debug|Any CPU
		{BB462E1D-C90C-4A43-8E1E-841FA4121103}.Debug|Any CPU.Build.0 = Debug|Any CPU
		{BB462E1D-C90C-4A43-8E1E-841FA4121103}.Release|Any CPU.ActiveCfg = Release|Any CPU
		{BB462E1D-C90C-4A43-8E1E-841FA4121103}.Release|Any CPU.Build.0 = Release|Any CPU
	EndGlobalSection
	GlobalSection(SolutionProperties) = preSolution
		HideSolutionNode = FALSE
	EndGlobalSection
	GlobalSection(ExtensibilityGlobals) = postSolution
		SolutionGuid = {157BCA31-3AB6-43AB-8426-245B65BC78B9}
	EndGlobalSection
EndGlobal
